// !$*UTF8*$!
{
	archiveVersion = 1;
	classes = {
	};
	objectVersion = 55;
	objects = {

/* Begin PBXBuildFile section */
		00321E3E78BDC096A1494503 /* Pods_QuickPic.framework in Frameworks */ = {isa = PBXBuildFile; fileRef = BA9D46D2C0E5F00DD0E61E36 /* Pods_QuickPic.framework */; };
		59476A00C0F33A38F3E36441 /* Pods_QuickPic_QuickPicUITests.framework in Frameworks */ = {isa = PBXBuildFile; fileRef = E14F24AACD1AF467BBB6AAAC /* Pods_QuickPic_QuickPicUITests.framework */; };
		84CF9323286A4EA700EBD615 /* AppDelegate.m in Sources */ = {isa = PBXBuildFile; fileRef = 84CF9322286A4EA700EBD615 /* AppDelegate.m */; };
		84CF9326286A4EA700EBD615 /* SceneDelegate.m in Sources */ = {isa = PBXBuildFile; fileRef = 84CF9325286A4EA700EBD615 /* SceneDelegate.m */; };
		84CF932C286A4EA700EBD615 /* Main.storyboard in Resources */ = {isa = PBXBuildFile; fileRef = 84CF932A286A4EA700EBD615 /* Main.storyboard */; };
		84CF932E286A4EA800EBD615 /* Assets.xcassets in Resources */ = {isa = PBXBuildFile; fileRef = 84CF932D286A4EA800EBD615 /* Assets.xcassets */; };
		84CF9331286A4EA800EBD615 /* LaunchScreen.storyboard in Resources */ = {isa = PBXBuildFile; fileRef = 84CF932F286A4EA800EBD615 /* LaunchScreen.storyboard */; };
		84CF9334286A4EA800EBD615 /* main.m in Sources */ = {isa = PBXBuildFile; fileRef = 84CF9333286A4EA800EBD615 /* main.m */; };
		84CF933E286A4EA800EBD615 /* QuickPicTests.m in Sources */ = {isa = PBXBuildFile; fileRef = 84CF933D286A4EA800EBD615 /* QuickPicTests.m */; };
		84CF9348286A4EA800EBD615 /* QuickPicUITests.m in Sources */ = {isa = PBXBuildFile; fileRef = 84CF9347286A4EA800EBD615 /* QuickPicUITests.m */; };
		84CF934A286A4EA800EBD615 /* QuickPicUITestsLaunchTests.m in Sources */ = {isa = PBXBuildFile; fileRef = 84CF9349286A4EA800EBD615 /* QuickPicUITestsLaunchTests.m */; };
		84CF9359286A53AA00EBD615 /* LoginViewController.m in Sources */ = {isa = PBXBuildFile; fileRef = 84CF9358286A53AA00EBD615 /* LoginViewController.m */; };
		84CF935C286A567A00EBD615 /* HomeViewController.m in Sources */ = {isa = PBXBuildFile; fileRef = 84CF935B286A567A00EBD615 /* HomeViewController.m */; };
		84CF935F286A6D6F00EBD615 /* PostViewController.m in Sources */ = {isa = PBXBuildFile; fileRef = 84CF935E286A6D6F00EBD615 /* PostViewController.m */; };
		84CF9362286A6D7B00EBD615 /* ProfileViewController.m in Sources */ = {isa = PBXBuildFile; fileRef = 84CF9361286A6D7B00EBD615 /* ProfileViewController.m */; };
		CDDBF6AB5D4697AB2DBAC846 /* Pods_QuickPicTests.framework in Frameworks */ = {isa = PBXBuildFile; fileRef = DA060DF859A919FC42DDA36A /* Pods_QuickPicTests.framework */; };
/* End PBXBuildFile section */

/* Begin PBXContainerItemProxy section */
		84CF933A286A4EA800EBD615 /* PBXContainerItemProxy */ = {
			isa = PBXContainerItemProxy;
			containerPortal = 84CF9316286A4EA700EBD615 /* Project object */;
			proxyType = 1;
			remoteGlobalIDString = 84CF931D286A4EA700EBD615;
			remoteInfo = QuickPic;
		};
		84CF9344286A4EA800EBD615 /* PBXContainerItemProxy */ = {
			isa = PBXContainerItemProxy;
			containerPortal = 84CF9316286A4EA700EBD615 /* Project object */;
			proxyType = 1;
			remoteGlobalIDString = 84CF931D286A4EA700EBD615;
			remoteInfo = QuickPic;
		};
/* End PBXContainerItemProxy section */

/* Begin PBXFileReference section */
		430549A021C791FB1610FAF6 /* Pods-QuickPic-QuickPicUITests.release.xcconfig */ = {isa = PBXFileReference; includeInIndex = 1; lastKnownFileType = text.xcconfig; name = "Pods-QuickPic-QuickPicUITests.release.xcconfig"; path = "Target Support Files/Pods-QuickPic-QuickPicUITests/Pods-QuickPic-QuickPicUITests.release.xcconfig"; sourceTree = "<group>"; };
		84CF931E286A4EA700EBD615 /* QuickPic.app */ = {isa = PBXFileReference; explicitFileType = wrapper.application; includeInIndex = 0; path = QuickPic.app; sourceTree = BUILT_PRODUCTS_DIR; };
		84CF9321286A4EA700EBD615 /* AppDelegate.h */ = {isa = PBXFileReference; lastKnownFileType = sourcecode.c.h; path = AppDelegate.h; sourceTree = "<group>"; };
		84CF9322286A4EA700EBD615 /* AppDelegate.m */ = {isa = PBXFileReference; lastKnownFileType = sourcecode.c.objc; path = AppDelegate.m; sourceTree = "<group>"; };
		84CF9324286A4EA700EBD615 /* SceneDelegate.h */ = {isa = PBXFileReference; lastKnownFileType = sourcecode.c.h; path = SceneDelegate.h; sourceTree = "<group>"; };
		84CF9325286A4EA700EBD615 /* SceneDelegate.m */ = {isa = PBXFileReference; lastKnownFileType = sourcecode.c.objc; path = SceneDelegate.m; sourceTree = "<group>"; };
		84CF932B286A4EA700EBD615 /* Base */ = {isa = PBXFileReference; lastKnownFileType = file.storyboard; name = Base; path = Base.lproj/Main.storyboard; sourceTree = "<group>"; };
		84CF932D286A4EA800EBD615 /* Assets.xcassets */ = {isa = PBXFileReference; lastKnownFileType = folder.assetcatalog; path = Assets.xcassets; sourceTree = "<group>"; };
		84CF9330286A4EA800EBD615 /* Base */ = {isa = PBXFileReference; lastKnownFileType = file.storyboard; name = Base; path = Base.lproj/LaunchScreen.storyboard; sourceTree = "<group>"; };
		84CF9332286A4EA800EBD615 /* Info.plist */ = {isa = PBXFileReference; lastKnownFileType = text.plist.xml; path = Info.plist; sourceTree = "<group>"; };
		84CF9333286A4EA800EBD615 /* main.m */ = {isa = PBXFileReference; lastKnownFileType = sourcecode.c.objc; path = main.m; sourceTree = "<group>"; };
		84CF9339286A4EA800EBD615 /* QuickPicTests.xctest */ = {isa = PBXFileReference; explicitFileType = wrapper.cfbundle; includeInIndex = 0; path = QuickPicTests.xctest; sourceTree = BUILT_PRODUCTS_DIR; };
		84CF933D286A4EA800EBD615 /* QuickPicTests.m */ = {isa = PBXFileReference; lastKnownFileType = sourcecode.c.objc; path = QuickPicTests.m; sourceTree = "<group>"; };
		84CF9343286A4EA800EBD615 /* QuickPicUITests.xctest */ = {isa = PBXFileReference; explicitFileType = wrapper.cfbundle; includeInIndex = 0; path = QuickPicUITests.xctest; sourceTree = BUILT_PRODUCTS_DIR; };
		84CF9347286A4EA800EBD615 /* QuickPicUITests.m */ = {isa = PBXFileReference; lastKnownFileType = sourcecode.c.objc; path = QuickPicUITests.m; sourceTree = "<group>"; };
		84CF9349286A4EA800EBD615 /* QuickPicUITestsLaunchTests.m */ = {isa = PBXFileReference; lastKnownFileType = sourcecode.c.objc; path = QuickPicUITestsLaunchTests.m; sourceTree = "<group>"; };
		84CF9357286A53AA00EBD615 /* LoginViewController.h */ = {isa = PBXFileReference; lastKnownFileType = sourcecode.c.h; path = LoginViewController.h; sourceTree = "<group>"; };
		84CF9358286A53AA00EBD615 /* LoginViewController.m */ = {isa = PBXFileReference; lastKnownFileType = sourcecode.c.objc; path = LoginViewController.m; sourceTree = "<group>"; };
		84CF935A286A567A00EBD615 /* HomeViewController.h */ = {isa = PBXFileReference; lastKnownFileType = sourcecode.c.h; path = HomeViewController.h; sourceTree = "<group>"; };
		84CF935B286A567A00EBD615 /* HomeViewController.m */ = {isa = PBXFileReference; lastKnownFileType = sourcecode.c.objc; path = HomeViewController.m; sourceTree = "<group>"; };
		84CF935D286A6D6F00EBD615 /* PostViewController.h */ = {isa = PBXFileReference; lastKnownFileType = sourcecode.c.h; path = PostViewController.h; sourceTree = "<group>"; };
		84CF935E286A6D6F00EBD615 /* PostViewController.m */ = {isa = PBXFileReference; lastKnownFileType = sourcecode.c.objc; path = PostViewController.m; sourceTree = "<group>"; };
		84CF9360286A6D7B00EBD615 /* ProfileViewController.h */ = {isa = PBXFileReference; lastKnownFileType = sourcecode.c.h; path = ProfileViewController.h; sourceTree = "<group>"; };
		84CF9361286A6D7B00EBD615 /* ProfileViewController.m */ = {isa = PBXFileReference; lastKnownFileType = sourcecode.c.objc; path = ProfileViewController.m; sourceTree = "<group>"; };
		85DEACBEAB1BDABD79DBB46D /* Pods-QuickPicTests.release.xcconfig */ = {isa = PBXFileReference; includeInIndex = 1; lastKnownFileType = text.xcconfig; name = "Pods-QuickPicTests.release.xcconfig"; path = "Target Support Files/Pods-QuickPicTests/Pods-QuickPicTests.release.xcconfig"; sourceTree = "<group>"; };
		B506C8C801153FC3F85171D8 /* Pods-QuickPic-QuickPicUITests.debug.xcconfig */ = {isa = PBXFileReference; includeInIndex = 1; lastKnownFileType = text.xcconfig; name = "Pods-QuickPic-QuickPicUITests.debug.xcconfig"; path = "Target Support Files/Pods-QuickPic-QuickPicUITests/Pods-QuickPic-QuickPicUITests.debug.xcconfig"; sourceTree = "<group>"; };
		BA9D46D2C0E5F00DD0E61E36 /* Pods_QuickPic.framework */ = {isa = PBXFileReference; explicitFileType = wrapper.framework; includeInIndex = 0; path = Pods_QuickPic.framework; sourceTree = BUILT_PRODUCTS_DIR; };
		DA060DF859A919FC42DDA36A /* Pods_QuickPicTests.framework */ = {isa = PBXFileReference; explicitFileType = wrapper.framework; includeInIndex = 0; path = Pods_QuickPicTests.framework; sourceTree = BUILT_PRODUCTS_DIR; };
		E14F24AACD1AF467BBB6AAAC /* Pods_QuickPic_QuickPicUITests.framework */ = {isa = PBXFileReference; explicitFileType = wrapper.framework; includeInIndex = 0; path = Pods_QuickPic_QuickPicUITests.framework; sourceTree = BUILT_PRODUCTS_DIR; };
		F1240B0AF5A7F755538A2A5D /* Pods-QuickPic.debug.xcconfig */ = {isa = PBXFileReference; includeInIndex = 1; lastKnownFileType = text.xcconfig; name = "Pods-QuickPic.debug.xcconfig"; path = "Target Support Files/Pods-QuickPic/Pods-QuickPic.debug.xcconfig"; sourceTree = "<group>"; };
		F42E5639D478E3232BFADB37 /* Pods-QuickPic.release.xcconfig */ = {isa = PBXFileReference; includeInIndex = 1; lastKnownFileType = text.xcconfig; name = "Pods-QuickPic.release.xcconfig"; path = "Target Support Files/Pods-QuickPic/Pods-QuickPic.release.xcconfig"; sourceTree = "<group>"; };
		FC2EC39D2190D2DF0821C364 /* Pods-QuickPicTests.debug.xcconfig */ = {isa = PBXFileReference; includeInIndex = 1; lastKnownFileType = text.xcconfig; name = "Pods-QuickPicTests.debug.xcconfig"; path = "Target Support Files/Pods-QuickPicTests/Pods-QuickPicTests.debug.xcconfig"; sourceTree = "<group>"; };
/* End PBXFileReference section */

/* Begin PBXFrameworksBuildPhase section */
		84CF931B286A4EA700EBD615 /* Frameworks */ = {
			isa = PBXFrameworksBuildPhase;
			buildActionMask = 2147483647;
			files = (
				00321E3E78BDC096A1494503 /* Pods_QuickPic.framework in Frameworks */,
			);
			runOnlyForDeploymentPostprocessing = 0;
		};
		84CF9336286A4EA800EBD615 /* Frameworks */ = {
			isa = PBXFrameworksBuildPhase;
			buildActionMask = 2147483647;
			files = (
				CDDBF6AB5D4697AB2DBAC846 /* Pods_QuickPicTests.framework in Frameworks */,
			);
			runOnlyForDeploymentPostprocessing = 0;
		};
		84CF9340286A4EA800EBD615 /* Frameworks */ = {
			isa = PBXFrameworksBuildPhase;
			buildActionMask = 2147483647;
			files = (
				59476A00C0F33A38F3E36441 /* Pods_QuickPic_QuickPicUITests.framework in Frameworks */,
			);
			runOnlyForDeploymentPostprocessing = 0;
		};
/* End PBXFrameworksBuildPhase section */

/* Begin PBXGroup section */
		84BB26D980E6AFD964822519 /* Pods */ = {
			isa = PBXGroup;
			children = (
				F1240B0AF5A7F755538A2A5D /* Pods-QuickPic.debug.xcconfig */,
				F42E5639D478E3232BFADB37 /* Pods-QuickPic.release.xcconfig */,
				B506C8C801153FC3F85171D8 /* Pods-QuickPic-QuickPicUITests.debug.xcconfig */,
				430549A021C791FB1610FAF6 /* Pods-QuickPic-QuickPicUITests.release.xcconfig */,
				FC2EC39D2190D2DF0821C364 /* Pods-QuickPicTests.debug.xcconfig */,
				85DEACBEAB1BDABD79DBB46D /* Pods-QuickPicTests.release.xcconfig */,
			);
			path = Pods;
			sourceTree = "<group>";
		};
		84CF9315286A4EA700EBD615 = {
			isa = PBXGroup;
			children = (
				84CF9320286A4EA700EBD615 /* QuickPic */,
				84CF933C286A4EA800EBD615 /* QuickPicTests */,
				84CF9346286A4EA800EBD615 /* QuickPicUITests */,
				84CF931F286A4EA700EBD615 /* Products */,
				84BB26D980E6AFD964822519 /* Pods */,
				944831CBD0D4E2B08E4B847C /* Frameworks */,
			);
			sourceTree = "<group>";
		};
		84CF931F286A4EA700EBD615 /* Products */ = {
			isa = PBXGroup;
			children = (
				84CF931E286A4EA700EBD615 /* QuickPic.app */,
				84CF9339286A4EA800EBD615 /* QuickPicTests.xctest */,
				84CF9343286A4EA800EBD615 /* QuickPicUITests.xctest */,
			);
			name = Products;
			sourceTree = "<group>";
		};
		84CF9320286A4EA700EBD615 /* QuickPic */ = {
			isa = PBXGroup;
			children = (
				84CF9356286A538A00EBD615 /* ViewControllers */,
				84CF9321286A4EA700EBD615 /* AppDelegate.h */,
				84CF9322286A4EA700EBD615 /* AppDelegate.m */,
				84CF9324286A4EA700EBD615 /* SceneDelegate.h */,
				84CF9325286A4EA700EBD615 /* SceneDelegate.m */,
				84CF932A286A4EA700EBD615 /* Main.storyboard */,
				84CF932D286A4EA800EBD615 /* Assets.xcassets */,
				84CF932F286A4EA800EBD615 /* LaunchScreen.storyboard */,
				84CF9332286A4EA800EBD615 /* Info.plist */,
				84CF9333286A4EA800EBD615 /* main.m */,
			);
			path = QuickPic;
			sourceTree = "<group>";
		};
		84CF933C286A4EA800EBD615 /* QuickPicTests */ = {
			isa = PBXGroup;
			children = (
				84CF933D286A4EA800EBD615 /* QuickPicTests.m */,
			);
			path = QuickPicTests;
			sourceTree = "<group>";
		};
		84CF9346286A4EA800EBD615 /* QuickPicUITests */ = {
			isa = PBXGroup;
			children = (
				84CF9347286A4EA800EBD615 /* QuickPicUITests.m */,
				84CF9349286A4EA800EBD615 /* QuickPicUITestsLaunchTests.m */,
			);
			path = QuickPicUITests;
			sourceTree = "<group>";
		};
		84CF9356286A538A00EBD615 /* ViewControllers */ = {
			isa = PBXGroup;
			children = (
				84CF9357286A53AA00EBD615 /* LoginViewController.h */,
				84CF9358286A53AA00EBD615 /* LoginViewController.m */,
				84CF935A286A567A00EBD615 /* HomeViewController.h */,
				84CF935B286A567A00EBD615 /* HomeViewController.m */,
				84CF935D286A6D6F00EBD615 /* PostViewController.h */,
				84CF935E286A6D6F00EBD615 /* PostViewController.m */,
				84CF9360286A6D7B00EBD615 /* ProfileViewController.h */,
				84CF9361286A6D7B00EBD615 /* ProfileViewController.m */,
			);
			path = ViewControllers;
			sourceTree = "<group>";
		};
		944831CBD0D4E2B08E4B847C /* Frameworks */ = {
			isa = PBXGroup;
			children = (
				BA9D46D2C0E5F00DD0E61E36 /* Pods_QuickPic.framework */,
				E14F24AACD1AF467BBB6AAAC /* Pods_QuickPic_QuickPicUITests.framework */,
				DA060DF859A919FC42DDA36A /* Pods_QuickPicTests.framework */,
			);
			name = Frameworks;
			sourceTree = "<group>";
		};
/* End PBXGroup section */

/* Begin PBXNativeTarget section */
		84CF931D286A4EA700EBD615 /* QuickPic */ = {
			isa = PBXNativeTarget;
			buildConfigurationList = 84CF934D286A4EA800EBD615 /* Build configuration list for PBXNativeTarget "QuickPic" */;
			buildPhases = (
				C4A54E60504F9C2F787AC0D8 /* [CP] Check Pods Manifest.lock */,
				84CF931A286A4EA700EBD615 /* Sources */,
				84CF931B286A4EA700EBD615 /* Frameworks */,
				84CF931C286A4EA700EBD615 /* Resources */,
				A9E531F662FD1C2D4AA37792 /* [CP] Embed Pods Frameworks */,
			);
			buildRules = (
			);
			dependencies = (
			);
			name = QuickPic;
			productName = QuickPic;
			productReference = 84CF931E286A4EA700EBD615 /* QuickPic.app */;
			productType = "com.apple.product-type.application";
		};
		84CF9338286A4EA800EBD615 /* QuickPicTests */ = {
			isa = PBXNativeTarget;
			buildConfigurationList = 84CF9350286A4EA800EBD615 /* Build configuration list for PBXNativeTarget "QuickPicTests" */;
			buildPhases = (
				6326CB1CA8360FD9702E5188 /* [CP] Check Pods Manifest.lock */,
				84CF9335286A4EA800EBD615 /* Sources */,
				84CF9336286A4EA800EBD615 /* Frameworks */,
				84CF9337286A4EA800EBD615 /* Resources */,
			);
			buildRules = (
			);
			dependencies = (
				84CF933B286A4EA800EBD615 /* PBXTargetDependency */,
			);
			name = QuickPicTests;
			productName = QuickPicTests;
			productReference = 84CF9339286A4EA800EBD615 /* QuickPicTests.xctest */;
			productType = "com.apple.product-type.bundle.unit-test";
		};
		84CF9342286A4EA800EBD615 /* QuickPicUITests */ = {
			isa = PBXNativeTarget;
			buildConfigurationList = 84CF9353286A4EA800EBD615 /* Build configuration list for PBXNativeTarget "QuickPicUITests" */;
			buildPhases = (
				832F7480927BE6B6660D0F62 /* [CP] Check Pods Manifest.lock */,
				84CF933F286A4EA800EBD615 /* Sources */,
				84CF9340286A4EA800EBD615 /* Frameworks */,
				84CF9341286A4EA800EBD615 /* Resources */,
				BF9347D57BB80AE8212C0FE7 /* [CP] Embed Pods Frameworks */,
			);
			buildRules = (
			);
			dependencies = (
				84CF9345286A4EA800EBD615 /* PBXTargetDependency */,
			);
			name = QuickPicUITests;
			productName = QuickPicUITests;
			productReference = 84CF9343286A4EA800EBD615 /* QuickPicUITests.xctest */;
			productType = "com.apple.product-type.bundle.ui-testing";
		};
/* End PBXNativeTarget section */

/* Begin PBXProject section */
		84CF9316286A4EA700EBD615 /* Project object */ = {
			isa = PBXProject;
			attributes = {
				BuildIndependentTargetsInParallel = 1;
				LastUpgradeCheck = 1340;
				TargetAttributes = {
					84CF931D286A4EA700EBD615 = {
						CreatedOnToolsVersion = 13.4;
					};
					84CF9338286A4EA800EBD615 = {
						CreatedOnToolsVersion = 13.4;
						TestTargetID = 84CF931D286A4EA700EBD615;
					};
					84CF9342286A4EA800EBD615 = {
						CreatedOnToolsVersion = 13.4;
						TestTargetID = 84CF931D286A4EA700EBD615;
					};
				};
			};
			buildConfigurationList = 84CF9319286A4EA700EBD615 /* Build configuration list for PBXProject "QuickPic" */;
			compatibilityVersion = "Xcode 13.0";
			developmentRegion = en;
			hasScannedForEncodings = 0;
			knownRegions = (
				en,
				Base,
			);
			mainGroup = 84CF9315286A4EA700EBD615;
			productRefGroup = 84CF931F286A4EA700EBD615 /* Products */;
			projectDirPath = "";
			projectRoot = "";
			targets = (
				84CF931D286A4EA700EBD615 /* QuickPic */,
				84CF9338286A4EA800EBD615 /* QuickPicTests */,
				84CF9342286A4EA800EBD615 /* QuickPicUITests */,
			);
		};
/* End PBXProject section */

/* Begin PBXResourcesBuildPhase section */
		84CF931C286A4EA700EBD615 /* Resources */ = {
			isa = PBXResourcesBuildPhase;
			buildActionMask = 2147483647;
			files = (
				84CF9331286A4EA800EBD615 /* LaunchScreen.storyboard in Resources */,
				84CF932E286A4EA800EBD615 /* Assets.xcassets in Resources */,
				84CF932C286A4EA700EBD615 /* Main.storyboard in Resources */,
			);
			runOnlyForDeploymentPostprocessing = 0;
		};
		84CF9337286A4EA800EBD615 /* Resources */ = {
			isa = PBXResourcesBuildPhase;
			buildActionMask = 2147483647;
			files = (
			);
			runOnlyForDeploymentPostprocessing = 0;
		};
		84CF9341286A4EA800EBD615 /* Resources */ = {
			isa = PBXResourcesBuildPhase;
			buildActionMask = 2147483647;
			files = (
			);
			runOnlyForDeploymentPostprocessing = 0;
		};
/* End PBXResourcesBuildPhase section */

/* Begin PBXShellScriptBuildPhase section */
		6326CB1CA8360FD9702E5188 /* [CP] Check Pods Manifest.lock */ = {
			isa = PBXShellScriptBuildPhase;
			buildActionMask = 2147483647;
			files = (
			);
			inputFileListPaths = (
			);
			inputPaths = (
				"${PODS_PODFILE_DIR_PATH}/Podfile.lock",
				"${PODS_ROOT}/Manifest.lock",
			);
			name = "[CP] Check Pods Manifest.lock";
			outputFileListPaths = (
			);
			outputPaths = (
				"$(DERIVED_FILE_DIR)/Pods-QuickPicTests-checkManifestLockResult.txt",
			);
			runOnlyForDeploymentPostprocessing = 0;
			shellPath = /bin/sh;
			shellScript = "diff \"${PODS_PODFILE_DIR_PATH}/Podfile.lock\" \"${PODS_ROOT}/Manifest.lock\" > /dev/null\nif [ $? != 0 ] ; then\n    # print error to STDERR\n    echo \"error: The sandbox is not in sync with the Podfile.lock. Run 'pod install' or update your CocoaPods installation.\" >&2\n    exit 1\nfi\n# This output is used by Xcode 'outputs' to avoid re-running this script phase.\necho \"SUCCESS\" > \"${SCRIPT_OUTPUT_FILE_0}\"\n";
			showEnvVarsInLog = 0;
		};
		832F7480927BE6B6660D0F62 /* [CP] Check Pods Manifest.lock */ = {
			isa = PBXShellScriptBuildPhase;
			buildActionMask = 2147483647;
			files = (
			);
			inputFileListPaths = (
			);
			inputPaths = (
				"${PODS_PODFILE_DIR_PATH}/Podfile.lock",
				"${PODS_ROOT}/Manifest.lock",
			);
			name = "[CP] Check Pods Manifest.lock";
			outputFileListPaths = (
			);
			outputPaths = (
				"$(DERIVED_FILE_DIR)/Pods-QuickPic-QuickPicUITests-checkManifestLockResult.txt",
			);
			runOnlyForDeploymentPostprocessing = 0;
			shellPath = /bin/sh;
			shellScript = "diff \"${PODS_PODFILE_DIR_PATH}/Podfile.lock\" \"${PODS_ROOT}/Manifest.lock\" > /dev/null\nif [ $? != 0 ] ; then\n    # print error to STDERR\n    echo \"error: The sandbox is not in sync with the Podfile.lock. Run 'pod install' or update your CocoaPods installation.\" >&2\n    exit 1\nfi\n# This output is used by Xcode 'outputs' to avoid re-running this script phase.\necho \"SUCCESS\" > \"${SCRIPT_OUTPUT_FILE_0}\"\n";
			showEnvVarsInLog = 0;
		};
		A9E531F662FD1C2D4AA37792 /* [CP] Embed Pods Frameworks */ = {
			isa = PBXShellScriptBuildPhase;
			buildActionMask = 2147483647;
			files = (
			);
			inputFileListPaths = (
				"${PODS_ROOT}/Target Support Files/Pods-QuickPic/Pods-QuickPic-frameworks-${CONFIGURATION}-input-files.xcfilelist",
			);
			name = "[CP] Embed Pods Frameworks";
			outputFileListPaths = (
				"${PODS_ROOT}/Target Support Files/Pods-QuickPic/Pods-QuickPic-frameworks-${CONFIGURATION}-output-files.xcfilelist",
			);
			runOnlyForDeploymentPostprocessing = 0;
			shellPath = /bin/sh;
			shellScript = "\"${PODS_ROOT}/Target Support Files/Pods-QuickPic/Pods-QuickPic-frameworks.sh\"\n";
			showEnvVarsInLog = 0;
		};
		BF9347D57BB80AE8212C0FE7 /* [CP] Embed Pods Frameworks */ = {
			isa = PBXShellScriptBuildPhase;
			buildActionMask = 2147483647;
			files = (
			);
			inputFileListPaths = (
				"${PODS_ROOT}/Target Support Files/Pods-QuickPic-QuickPicUITests/Pods-QuickPic-QuickPicUITests-frameworks-${CONFIGURATION}-input-files.xcfilelist",
			);
			name = "[CP] Embed Pods Frameworks";
			outputFileListPaths = (
				"${PODS_ROOT}/Target Support Files/Pods-QuickPic-QuickPicUITests/Pods-QuickPic-QuickPicUITests-frameworks-${CONFIGURATION}-output-files.xcfilelist",
			);
			runOnlyForDeploymentPostprocessing = 0;
			shellPath = /bin/sh;
			shellScript = "\"${PODS_ROOT}/Target Support Files/Pods-QuickPic-QuickPicUITests/Pods-QuickPic-QuickPicUITests-frameworks.sh\"\n";
			showEnvVarsInLog = 0;
		};
		C4A54E60504F9C2F787AC0D8 /* [CP] Check Pods Manifest.lock */ = {
			isa = PBXShellScriptBuildPhase;
			buildActionMask = 2147483647;
			files = (
			);
			inputFileListPaths = (
			);
			inputPaths = (
				"${PODS_PODFILE_DIR_PATH}/Podfile.lock",
				"${PODS_ROOT}/Manifest.lock",
			);
			name = "[CP] Check Pods Manifest.lock";
			outputFileListPaths = (
			);
			outputPaths = (
				"$(DERIVED_FILE_DIR)/Pods-QuickPic-checkManifestLockResult.txt",
			);
			runOnlyForDeploymentPostprocessing = 0;
			shellPath = /bin/sh;
			shellScript = "diff \"${PODS_PODFILE_DIR_PATH}/Podfile.lock\" \"${PODS_ROOT}/Manifest.lock\" > /dev/null\nif [ $? != 0 ] ; then\n    # print error to STDERR\n    echo \"error: The sandbox is not in sync with the Podfile.lock. Run 'pod install' or update your CocoaPods installation.\" >&2\n    exit 1\nfi\n# This output is used by Xcode 'outputs' to avoid re-running this script phase.\necho \"SUCCESS\" > \"${SCRIPT_OUTPUT_FILE_0}\"\n";
			showEnvVarsInLog = 0;
		};
/* End PBXShellScriptBuildPhase section */

/* Begin PBXSourcesBuildPhase section */
		84CF931A286A4EA700EBD615 /* Sources */ = {
			isa = PBXSourcesBuildPhase;
			buildActionMask = 2147483647;
			files = (
				84CF9323286A4EA700EBD615 /* AppDelegate.m in Sources */,
				84CF9334286A4EA800EBD615 /* main.m in Sources */,
				84CF935F286A6D6F00EBD615 /* PostViewController.m in Sources */,
				84CF9326286A4EA700EBD615 /* SceneDelegate.m in Sources */,
				84CF9362286A6D7B00EBD615 /* ProfileViewController.m in Sources */,
				84CF9359286A53AA00EBD615 /* LoginViewController.m in Sources */,
				84CF935C286A567A00EBD615 /* HomeViewController.m in Sources */,
			);
			runOnlyForDeploymentPostprocessing = 0;
		};
		84CF9335286A4EA800EBD615 /* Sources */ = {
			isa = PBXSourcesBuildPhase;
			buildActionMask = 2147483647;
			files = (
				84CF933E286A4EA800EBD615 /* QuickPicTests.m in Sources */,
			);
			runOnlyForDeploymentPostprocessing = 0;
		};
		84CF933F286A4EA800EBD615 /* Sources */ = {
			isa = PBXSourcesBuildPhase;
			buildActionMask = 2147483647;
			files = (
				84CF9348286A4EA800EBD615 /* QuickPicUITests.m in Sources */,
				84CF934A286A4EA800EBD615 /* QuickPicUITestsLaunchTests.m in Sources */,
			);
			runOnlyForDeploymentPostprocessing = 0;
		};
/* End PBXSourcesBuildPhase section */

/* Begin PBXTargetDependency section */
		84CF933B286A4EA800EBD615 /* PBXTargetDependency */ = {
			isa = PBXTargetDependency;
			target = 84CF931D286A4EA700EBD615 /* QuickPic */;
			targetProxy = 84CF933A286A4EA800EBD615 /* PBXContainerItemProxy */;
		};
		84CF9345286A4EA800EBD615 /* PBXTargetDependency */ = {
			isa = PBXTargetDependency;
			target = 84CF931D286A4EA700EBD615 /* QuickPic */;
			targetProxy = 84CF9344286A4EA800EBD615 /* PBXContainerItemProxy */;
		};
/* End PBXTargetDependency section */

/* Begin PBXVariantGroup section */
		84CF932A286A4EA700EBD615 /* Main.storyboard */ = {
			isa = PBXVariantGroup;
			children = (
				84CF932B286A4EA700EBD615 /* Base */,
			);
			name = Main.storyboard;
			sourceTree = "<group>";
		};
		84CF932F286A4EA800EBD615 /* LaunchScreen.storyboard */ = {
			isa = PBXVariantGroup;
			children = (
				84CF9330286A4EA800EBD615 /* Base */,
			);
			name = LaunchScreen.storyboard;
			sourceTree = "<group>";
		};
/* End PBXVariantGroup section */

/* Begin XCBuildConfiguration section */
		84CF934B286A4EA800EBD615 /* Debug */ = {
			isa = XCBuildConfiguration;
			buildSettings = {
				ALWAYS_SEARCH_USER_PATHS = NO;
				CLANG_ANALYZER_NONNULL = YES;
				CLANG_ANALYZER_NUMBER_OBJECT_CONVERSION = YES_AGGRESSIVE;
				CLANG_CXX_LANGUAGE_STANDARD = "gnu++17";
				CLANG_ENABLE_MODULES = YES;
				CLANG_ENABLE_OBJC_ARC = YES;
				CLANG_ENABLE_OBJC_WEAK = YES;
				CLANG_WARN_BLOCK_CAPTURE_AUTORELEASING = YES;
				CLANG_WARN_BOOL_CONVERSION = YES;
				CLANG_WARN_COMMA = YES;
				CLANG_WARN_CONSTANT_CONVERSION = YES;
				CLANG_WARN_DEPRECATED_OBJC_IMPLEMENTATIONS = YES;
				CLANG_WARN_DIRECT_OBJC_ISA_USAGE = YES_ERROR;
				CLANG_WARN_DOCUMENTATION_COMMENTS = YES;
				CLANG_WARN_EMPTY_BODY = YES;
				CLANG_WARN_ENUM_CONVERSION = YES;
				CLANG_WARN_INFINITE_RECURSION = YES;
				CLANG_WARN_INT_CONVERSION = YES;
				CLANG_WARN_NON_LITERAL_NULL_CONVERSION = YES;
				CLANG_WARN_OBJC_IMPLICIT_RETAIN_SELF = YES;
				CLANG_WARN_OBJC_LITERAL_CONVERSION = YES;
				CLANG_WARN_OBJC_ROOT_CLASS = YES_ERROR;
				CLANG_WARN_QUOTED_INCLUDE_IN_FRAMEWORK_HEADER = YES;
				CLANG_WARN_RANGE_LOOP_ANALYSIS = YES;
				CLANG_WARN_STRICT_PROTOTYPES = YES;
				CLANG_WARN_SUSPICIOUS_MOVE = YES;
				CLANG_WARN_UNGUARDED_AVAILABILITY = YES_AGGRESSIVE;
				CLANG_WARN_UNREACHABLE_CODE = YES;
				CLANG_WARN__DUPLICATE_METHOD_MATCH = YES;
				COPY_PHASE_STRIP = NO;
				DEBUG_INFORMATION_FORMAT = dwarf;
				ENABLE_STRICT_OBJC_MSGSEND = YES;
				ENABLE_TESTABILITY = YES;
				GCC_C_LANGUAGE_STANDARD = gnu11;
				GCC_DYNAMIC_NO_PIC = NO;
				GCC_NO_COMMON_BLOCKS = YES;
				GCC_OPTIMIZATION_LEVEL = 0;
				GCC_PREPROCESSOR_DEFINITIONS = (
					"DEBUG=1",
					"$(inherited)",
				);
				GCC_WARN_64_TO_32_BIT_CONVERSION = YES;
				GCC_WARN_ABOUT_RETURN_TYPE = YES_ERROR;
				GCC_WARN_UNDECLARED_SELECTOR = YES;
				GCC_WARN_UNINITIALIZED_AUTOS = YES_AGGRESSIVE;
				GCC_WARN_UNUSED_FUNCTION = YES;
				GCC_WARN_UNUSED_VARIABLE = YES;
				IPHONEOS_DEPLOYMENT_TARGET = 15.5;
				MTL_ENABLE_DEBUG_INFO = INCLUDE_SOURCE;
				MTL_FAST_MATH = YES;
				ONLY_ACTIVE_ARCH = YES;
				SDKROOT = iphoneos;
			};
			name = Debug;
		};
		84CF934C286A4EA800EBD615 /* Release */ = {
			isa = XCBuildConfiguration;
			buildSettings = {
				ALWAYS_SEARCH_USER_PATHS = NO;
				CLANG_ANALYZER_NONNULL = YES;
				CLANG_ANALYZER_NUMBER_OBJECT_CONVERSION = YES_AGGRESSIVE;
				CLANG_CXX_LANGUAGE_STANDARD = "gnu++17";
				CLANG_ENABLE_MODULES = YES;
				CLANG_ENABLE_OBJC_ARC = YES;
				CLANG_ENABLE_OBJC_WEAK = YES;
				CLANG_WARN_BLOCK_CAPTURE_AUTORELEASING = YES;
				CLANG_WARN_BOOL_CONVERSION = YES;
				CLANG_WARN_COMMA = YES;
				CLANG_WARN_CONSTANT_CONVERSION = YES;
				CLANG_WARN_DEPRECATED_OBJC_IMPLEMENTATIONS = YES;
				CLANG_WARN_DIRECT_OBJC_ISA_USAGE = YES_ERROR;
				CLANG_WARN_DOCUMENTATION_COMMENTS = YES;
				CLANG_WARN_EMPTY_BODY = YES;
				CLANG_WARN_ENUM_CONVERSION = YES;
				CLANG_WARN_INFINITE_RECURSION = YES;
				CLANG_WARN_INT_CONVERSION = YES;
				CLANG_WARN_NON_LITERAL_NULL_CONVERSION = YES;
				CLANG_WARN_OBJC_IMPLICIT_RETAIN_SELF = YES;
				CLANG_WARN_OBJC_LITERAL_CONVERSION = YES;
				CLANG_WARN_OBJC_ROOT_CLASS = YES_ERROR;
				CLANG_WARN_QUOTED_INCLUDE_IN_FRAMEWORK_HEADER = YES;
				CLANG_WARN_RANGE_LOOP_ANALYSIS = YES;
				CLANG_WARN_STRICT_PROTOTYPES = YES;
				CLANG_WARN_SUSPICIOUS_MOVE = YES;
				CLANG_WARN_UNGUARDED_AVAILABILITY = YES_AGGRESSIVE;
				CLANG_WARN_UNREACHABLE_CODE = YES;
				CLANG_WARN__DUPLICATE_METHOD_MATCH = YES;
				COPY_PHASE_STRIP = NO;
				DEBUG_INFORMATION_FORMAT = "dwarf-with-dsym";
				ENABLE_NS_ASSERTIONS = NO;
				ENABLE_STRICT_OBJC_MSGSEND = YES;
				GCC_C_LANGUAGE_STANDARD = gnu11;
				GCC_NO_COMMON_BLOCKS = YES;
				GCC_WARN_64_TO_32_BIT_CONVERSION = YES;
				GCC_WARN_ABOUT_RETURN_TYPE = YES_ERROR;
				GCC_WARN_UNDECLARED_SELECTOR = YES;
				GCC_WARN_UNINITIALIZED_AUTOS = YES_AGGRESSIVE;
				GCC_WARN_UNUSED_FUNCTION = YES;
				GCC_WARN_UNUSED_VARIABLE = YES;
				IPHONEOS_DEPLOYMENT_TARGET = 15.5;
				MTL_ENABLE_DEBUG_INFO = NO;
				MTL_FAST_MATH = YES;
				SDKROOT = iphoneos;
				VALIDATE_PRODUCT = YES;
			};
			name = Release;
		};
		84CF934E286A4EA800EBD615 /* Debug */ = {
			isa = XCBuildConfiguration;
			baseConfigurationReference = F1240B0AF5A7F755538A2A5D /* Pods-QuickPic.debug.xcconfig */;
			buildSettings = {
				ASSETCATALOG_COMPILER_APPICON_NAME = AppIcon;
				ASSETCATALOG_COMPILER_GLOBAL_ACCENT_COLOR_NAME = AccentColor;
				CODE_SIGN_STYLE = Automatic;
				CURRENT_PROJECT_VERSION = 1;
				DEVELOPMENT_TEAM = N977YX5NDL;
				GENERATE_INFOPLIST_FILE = YES;
				INFOPLIST_FILE = QuickPic/Info.plist;
				INFOPLIST_KEY_CFBundleDisplayName = QuickPic;
				INFOPLIST_KEY_UIApplicationSupportsIndirectInputEvents = YES;
				INFOPLIST_KEY_UILaunchStoryboardName = LaunchScreen;
				INFOPLIST_KEY_UIMainStoryboardFile = Main;
				INFOPLIST_KEY_UISupportedInterfaceOrientations_iPad = "UIInterfaceOrientationPortrait UIInterfaceOrientationPortraitUpsideDown UIInterfaceOrientationLandscapeLeft UIInterfaceOrientationLandscapeRight";
				INFOPLIST_KEY_UISupportedInterfaceOrientations_iPhone = "UIInterfaceOrientationPortrait UIInterfaceOrientationLandscapeLeft UIInterfaceOrientationLandscapeRight";
				LD_RUNPATH_SEARCH_PATHS = (
					"$(inherited)",
					"@executable_path/Frameworks",
				);
				MARKETING_VERSION = 1.0;
				PRODUCT_BUNDLE_IDENTIFIER = com.codepath.QuickPic;
				PRODUCT_NAME = "$(TARGET_NAME)";
				SWIFT_EMIT_LOC_STRINGS = YES;
				TARGETED_DEVICE_FAMILY = "1,2";
			};
			name = Debug;
		};
		84CF934F286A4EA800EBD615 /* Release */ = {
			isa = XCBuildConfiguration;
			baseConfigurationReference = F42E5639D478E3232BFADB37 /* Pods-QuickPic.release.xcconfig */;
			buildSettings = {
				ASSETCATALOG_COMPILER_APPICON_NAME = AppIcon;
				ASSETCATALOG_COMPILER_GLOBAL_ACCENT_COLOR_NAME = AccentColor;
				CODE_SIGN_STYLE = Automatic;
				CURRENT_PROJECT_VERSION = 1;
				DEVELOPMENT_TEAM = N977YX5NDL;
				GENERATE_INFOPLIST_FILE = YES;
				INFOPLIST_FILE = QuickPic/Info.plist;
				INFOPLIST_KEY_CFBundleDisplayName = QuickPic;
				INFOPLIST_KEY_UIApplicationSupportsIndirectInputEvents = YES;
				INFOPLIST_KEY_UILaunchStoryboardName = LaunchScreen;
				INFOPLIST_KEY_UIMainStoryboardFile = Main;
				INFOPLIST_KEY_UISupportedInterfaceOrientations_iPad = "UIInterfaceOrientationPortrait UIInterfaceOrientationPortraitUpsideDown UIInterfaceOrientationLandscapeLeft UIInterfaceOrientationLandscapeRight";
				INFOPLIST_KEY_UISupportedInterfaceOrientations_iPhone = "UIInterfaceOrientationPortrait UIInterfaceOrientationLandscapeLeft UIInterfaceOrientationLandscapeRight";
				LD_RUNPATH_SEARCH_PATHS = (
					"$(inherited)",
					"@executable_path/Frameworks",
				);
				MARKETING_VERSION = 1.0;
				PRODUCT_BUNDLE_IDENTIFIER = com.codepath.QuickPic;
				PRODUCT_NAME = "$(TARGET_NAME)";
				SWIFT_EMIT_LOC_STRINGS = YES;
				TARGETED_DEVICE_FAMILY = "1,2";
			};
			name = Release;
		};
		84CF9351286A4EA800EBD615 /* Debug */ = {
			isa = XCBuildConfiguration;
			baseConfigurationReference = FC2EC39D2190D2DF0821C364 /* Pods-QuickPicTests.debug.xcconfig */;
			buildSettings = {
				BUNDLE_LOADER = "$(TEST_HOST)";
				CODE_SIGN_STYLE = Automatic;
				CURRENT_PROJECT_VERSION = 1;
				DEVELOPMENT_TEAM = N977YX5NDL;
				GENERATE_INFOPLIST_FILE = YES;
				IPHONEOS_DEPLOYMENT_TARGET = 15.5;
				MARKETING_VERSION = 1.0;
				PRODUCT_BUNDLE_IDENTIFIER = com.codepath.QuickPicTests;
				PRODUCT_NAME = "$(TARGET_NAME)";
				SWIFT_EMIT_LOC_STRINGS = NO;
				TARGETED_DEVICE_FAMILY = "1,2";
				TEST_HOST = "$(BUILT_PRODUCTS_DIR)/QuickPic.app/QuickPic";
			};
			name = Debug;
		};
		84CF9352286A4EA800EBD615 /* Release */ = {
			isa = XCBuildConfiguration;
			baseConfigurationReference = 85DEACBEAB1BDABD79DBB46D /* Pods-QuickPicTests.release.xcconfig */;
			buildSettings = {
				BUNDLE_LOADER = "$(TEST_HOST)";
				CODE_SIGN_STYLE = Automatic;
				CURRENT_PROJECT_VERSION = 1;
				DEVELOPMENT_TEAM = N977YX5NDL;
				GENERATE_INFOPLIST_FILE = YES;
				IPHONEOS_DEPLOYMENT_TARGET = 15.5;
				MARKETING_VERSION = 1.0;
				PRODUCT_BUNDLE_IDENTIFIER = com.codepath.QuickPicTests;
				PRODUCT_NAME = "$(TARGET_NAME)";
				SWIFT_EMIT_LOC_STRINGS = NO;
				TARGETED_DEVICE_FAMILY = "1,2";
				TEST_HOST = "$(BUILT_PRODUCTS_DIR)/QuickPic.app/QuickPic";
			};
			name = Release;
		};
		84CF9354286A4EA800EBD615 /* Debug */ = {
			isa = XCBuildConfiguration;
			baseConfigurationReference = B506C8C801153FC3F85171D8 /* Pods-QuickPic-QuickPicUITests.debug.xcconfig */;
			buildSettings = {
				CODE_SIGN_STYLE = Automatic;
				CURRENT_PROJECT_VERSION = 1;
				DEVELOPMENT_TEAM = N977YX5NDL;
				GENERATE_INFOPLIST_FILE = YES;
				MARKETING_VERSION = 1.0;
				PRODUCT_BUNDLE_IDENTIFIER = com.codepath.QuickPicUITests;
				PRODUCT_NAME = "$(TARGET_NAME)";
				SWIFT_EMIT_LOC_STRINGS = NO;
				TARGETED_DEVICE_FAMILY = "1,2";
				TEST_TARGET_NAME = QuickPic;
			};
			name = Debug;
		};
		84CF9355286A4EA800EBD615 /* Release */ = {
			isa = XCBuildConfiguration;
			baseConfigurationReference = 430549A021C791FB1610FAF6 /* Pods-QuickPic-QuickPicUITests.release.xcconfig */;
			buildSettings = {
				CODE_SIGN_STYLE = Automatic;
				CURRENT_PROJECT_VERSION = 1;
				DEVELOPMENT_TEAM = N977YX5NDL;
				GENERATE_INFOPLIST_FILE = YES;
				MARKETING_VERSION = 1.0;
				PRODUCT_BUNDLE_IDENTIFIER = com.codepath.QuickPicUITests;
				PRODUCT_NAME = "$(TARGET_NAME)";
				SWIFT_EMIT_LOC_STRINGS = NO;
				TARGETED_DEVICE_FAMILY = "1,2";
				TEST_TARGET_NAME = QuickPic;
			};
			name = Release;
		};
/* End XCBuildConfiguration section */

/* Begin XCConfigurationList section */
		84CF9319286A4EA700EBD615 /* Build configuration list for PBXProject "QuickPic" */ = {
			isa = XCConfigurationList;
			buildConfigurations = (
				84CF934B286A4EA800EBD615 /* Debug */,
				84CF934C286A4EA800EBD615 /* Release */,
			);
			defaultConfigurationIsVisible = 0;
			defaultConfigurationName = Release;
		};
		84CF934D286A4EA800EBD615 /* Build configuration list for PBXNativeTarget "QuickPic" */ = {
			isa = XCConfigurationList;
			buildConfigurations = (
				84CF934E286A4EA800EBD615 /* Debug */,
				84CF934F286A4EA800EBD615 /* Release */,
			);
			defaultConfigurationIsVisible = 0;
			defaultConfigurationName = Release;
		};
		84CF9350286A4EA800EBD615 /* Build configuration list for PBXNativeTarget "QuickPicTests" */ = {
			isa = XCConfigurationList;
			buildConfigurations = (
				84CF9351286A4EA800EBD615 /* Debug */,
				84CF9352286A4EA800EBD615 /* Release */,
			);
			defaultConfigurationIsVisible = 0;
			defaultConfigurationName = Release;
		};
		84CF9353286A4EA800EBD615 /* Build configuration list for PBXNativeTarget "QuickPicUITests" */ = {
			isa = XCConfigurationList;
			buildConfigurations = (
				84CF9354286A4EA800EBD615 /* Debug */,
				84CF9355286A4EA800EBD615 /* Release */,
			);
			defaultConfigurationIsVisible = 0;
			defaultConfigurationName = Release;
		};
/* End XCConfigurationList section */
	};
	rootObject = 84CF9316286A4EA700EBD615 /* Project object */;
}
